
Microsoft Visual Studio Solution File, Format Version 12.00
# Visual Studio Version 17
Project("{8BC9CEB8-8B4A-11D0-8D11-00A0C91BC942}") = "ALL_BUILD", "ALL_BUILD.vcxproj", "{71CC57DF-4ED2-3D23-AF4F-ED0D5A2832B3}"
	ProjectSection(ProjectDependencies) = postProject
		{A2866B59-4B41-3C28-B688-BA8056876DA0} = {A2866B59-4B41-3C28-B688-BA8056876DA0}
		{58C5FBD5-0090-35A4-ABE7-E5C9B1C4F1ED} = {58C5FBD5-0090-35A4-ABE7-E5C9B1C4F1ED}
	EndProjectSection
EndProject
Project("{8BC9CEB8-8B4A-11D0-8D11-00A0C91BC942}") = "ZERO_CHECK", "ZERO_CHECK.vcxproj", "{A2866B59-4B41-3C28-B688-BA8056876DA0}"
	ProjectSection(ProjectDependencies) = postProject
	EndProjectSection
EndProject
Project("{8BC9CEB8-8B4A-11D0-8D11-00A0C91BC942}") = "rigidSimul", "rigidSimul.vcxproj", "{58C5FBD5-0090-35A4-ABE7-E5C9B1C4F1ED}"
	ProjectSection(ProjectDependencies) = postProject
		{A2866B59-4B41-3C28-B688-BA8056876DA0} = {A2866B59-4B41-3C28-B688-BA8056876DA0}
	EndProjectSection
EndProject
Global
	GlobalSection(SolutionConfigurationPlatforms) = preSolution
		Debug|x64 = Debug|x64
		Release|x64 = Release|x64
		MinSizeRel|x64 = MinSizeRel|x64
		RelWithDebInfo|x64 = RelWithDebInfo|x64
	EndGlobalSection
	GlobalSection(ProjectConfigurationPlatforms) = postSolution
		{71CC57DF-4ED2-3D23-AF4F-ED0D5A2832B3}.Debug|x64.ActiveCfg = Debug|x64
		{71CC57DF-4ED2-3D23-AF4F-ED0D5A2832B3}.Release|x64.ActiveCfg = Release|x64
		{71CC57DF-4ED2-3D23-AF4F-ED0D5A2832B3}.MinSizeRel|x64.ActiveCfg = MinSizeRel|x64
		{71CC57DF-4ED2-3D23-AF4F-ED0D5A2832B3}.RelWithDebInfo|x64.ActiveCfg = RelWithDebInfo|x64
		{A2866B59-4B41-3C28-B688-BA8056876DA0}.Debug|x64.ActiveCfg = Debug|x64
		{A2866B59-4B41-3C28-B688-BA8056876DA0}.Debug|x64.Build.0 = Debug|x64
		{A2866B59-4B41-3C28-B688-BA8056876DA0}.Release|x64.ActiveCfg = Release|x64
		{A2866B59-4B41-3C28-B688-BA8056876DA0}.Release|x64.Build.0 = Release|x64
		{A2866B59-4B41-3C28-B688-BA8056876DA0}.MinSizeRel|x64.ActiveCfg = MinSizeRel|x64
		{A2866B59-4B41-3C28-B688-BA8056876DA0}.MinSizeRel|x64.Build.0 = MinSizeRel|x64
		{A2866B59-4B41-3C28-B688-BA8056876DA0}.RelWithDebInfo|x64.ActiveCfg = RelWithDebInfo|x64
		{A2866B59-4B41-3C28-B688-BA8056876DA0}.RelWithDebInfo|x64.Build.0 = RelWithDebInfo|x64
		{58C5FBD5-0090-35A4-ABE7-E5C9B1C4F1ED}.Debug|x64.ActiveCfg = Debug|x64
		{58C5FBD5-0090-35A4-ABE7-E5C9B1C4F1ED}.Debug|x64.Build.0 = Debug|x64
		{58C5FBD5-0090-35A4-ABE7-E5C9B1C4F1ED}.Release|x64.ActiveCfg = Release|x64
		{58C5FBD5-0090-35A4-ABE7-E5C9B1C4F1ED}.Release|x64.Build.0 = Release|x64
		{58C5FBD5-0090-35A4-ABE7-E5C9B1C4F1ED}.MinSizeRel|x64.ActiveCfg = MinSizeRel|x64
		{58C5FBD5-0090-35A4-ABE7-E5C9B1C4F1ED}.MinSizeRel|x64.Build.0 = MinSizeRel|x64
		{58C5FBD5-0090-35A4-ABE7-E5C9B1C4F1ED}.RelWithDebInfo|x64.ActiveCfg = RelWithDebInfo|x64
		{58C5FBD5-0090-35A4-ABE7-E5C9B1C4F1ED}.RelWithDebInfo|x64.Build.0 = RelWithDebInfo|x64
	EndGlobalSection
	GlobalSection(ExtensibilityGlobals) = postSolution
		SolutionGuid = {AE17551C-889C-3830-8727-B41C5C97D5F0}
	EndGlobalSection
	GlobalSection(ExtensibilityAddIns) = postSolution
	EndGlobalSection
EndGlobal
